{
  "lockfileVersion": 1,
  "configVersion": 1,
  "workspaces": {
    "": {
      "name": "@fsteltenkamp/laravel-twcss-components",
      "dependencies": {
        "@phosphor-icons/web": "^2.1.2",
      },
    },
  },
  "packages": {
    "@phosphor-icons/web": ["@phosphor-icons/web@2.1.2", "", {}, "sha512-rPAR9o/bEcp4Cw4DEeZHXf+nlGCMNGkNDRizYHM47NLxz9vvEHp/Tt6FMK1NcWadzw/pFDPnRBGi/ofRya958A=="],
  }
}
